
Microsoft Visual Studio Solution File, Format Version 12.00
# Visual Studio Version 17
VisualStudioVersion = 17.4.33103.184
MinimumVisualStudioVersion = 10.0.40219.1
Project("{9A19103F-16F7-4668-BE54-9A1E7A4F7556}") = "PTI.Microservices.Library.AzureTextAnalytics", "PTI.Microservices.Library.AzureTextAnalytics.csproj", "{8295101A-E790-4605-AA4B-A3989B4A8D1B}"
EndProject
Global
	GlobalSection(SolutionConfigurationPlatforms) = preSolution
		Debug|Any CPU = Debug|Any CPU
		Release|Any CPU = Release|Any CPU
	EndGlobalSection
	GlobalSection(ProjectConfigurationPlatforms) = postSolution
		{8295101A-E790-4605-AA4B-A3989B4A8D1B}.Debug|Any CPU.ActiveCfg = Debug|Any CPU
		{8295101A-E790-4605-AA4B-A3989B4A8D1B}.Debug|Any CPU.Build.0 = Debug|Any CPU
		{8295101A-E790-4605-AA4B-A3989B4A8D1B}.Release|Any CPU.ActiveCfg = Release|Any CPU
		{8295101A-E790-4605-AA4B-A3989B4A8D1B}.Release|Any CPU.Build.0 = Release|Any CPU
	EndGlobalSection
	GlobalSection(SolutionProperties) = preSolution
		HideSolutionNode = FALSE
	EndGlobalSection
	GlobalSection(ExtensibilityGlobals) = postSolution
		SolutionGuid = {F7F584A4-A5AA-4426-9452-D44F0B299574}
	EndGlobalSection
EndGlobal
